
Microsoft Visual Studio Solution File, Format Version 12.00
# Visual Studio Version 17
VisualStudioVersion = 17.9.34723.18
MinimumVisualStudioVersion = 10.0.40219.1
Project("{9A19103F-16F7-4668-BE54-9A1E7A4F7556}") = "DisplayResearch", "DisplayResearch\DisplayResearch.csproj", "{9344C00F-4147-4ABE-8021-434E0EAD2534}"
EndProject
Project("{9A19103F-16F7-4668-BE54-9A1E7A4F7556}") = "MyApp", "App\MyApp.csproj", "{4C103BC5-2CA2-4A54-8B69-BE1DE7FB6747}"
EndProject
Project("{FAE04EC0-301F-11D3-BF4B-00C04F79EFBC}") = "ViewModel", "ViewModel\ViewModel.csproj", "{C9BE81DE-42EA-46D9-8002-8061EFB3EBD0}"
EndProject
Project("{FAE04EC0-301F-11D3-BF4B-00C04F79EFBC}") = "Service", "Service\Service.csproj", "{30B8DCA8-5679-4AAB-9D3B-F41D3194809B}"
EndProject
Project("{FAE04EC0-301F-11D3-BF4B-00C04F79EFBC}") = "RhinoTool", "RhinoTool\RhinoTool.csproj", "{1D49189F-E1BD-448F-B98B-FE23463B6A7D}"
EndProject
Global
	GlobalSection(SolutionConfigurationPlatforms) = preSolution
		Debug|Any CPU = Debug|Any CPU
		Release|Any CPU = Release|Any CPU
	EndGlobalSection
	GlobalSection(ProjectConfigurationPlatforms) = postSolution
		{9344C00F-4147-4ABE-8021-434E0EAD2534}.Debug|Any CPU.ActiveCfg = Debug|Any CPU
		{9344C00F-4147-4ABE-8021-434E0EAD2534}.Debug|Any CPU.Build.0 = Debug|Any CPU
		{9344C00F-4147-4ABE-8021-434E0EAD2534}.Release|Any CPU.ActiveCfg = Release|Any CPU
		{9344C00F-4147-4ABE-8021-434E0EAD2534}.Release|Any CPU.Build.0 = Release|Any CPU
		{4C103BC5-2CA2-4A54-8B69-BE1DE7FB6747}.Debug|Any CPU.ActiveCfg = Debug|Any CPU
		{4C103BC5-2CA2-4A54-8B69-BE1DE7FB6747}.Debug|Any CPU.Build.0 = Debug|Any CPU
		{4C103BC5-2CA2-4A54-8B69-BE1DE7FB6747}.Release|Any CPU.ActiveCfg = Release|Any CPU
		{4C103BC5-2CA2-4A54-8B69-BE1DE7FB6747}.Release|Any CPU.Build.0 = Release|Any CPU
		{C9BE81DE-42EA-46D9-8002-8061EFB3EBD0}.Debug|Any CPU.ActiveCfg = Debug|Any CPU
		{C9BE81DE-42EA-46D9-8002-8061EFB3EBD0}.Debug|Any CPU.Build.0 = Debug|Any CPU
		{C9BE81DE-42EA-46D9-8002-8061EFB3EBD0}.Release|Any CPU.ActiveCfg = Release|Any CPU
		{C9BE81DE-42EA-46D9-8002-8061EFB3EBD0}.Release|Any CPU.Build.0 = Release|Any CPU
		{30B8DCA8-5679-4AAB-9D3B-F41D3194809B}.Debug|Any CPU.ActiveCfg = Debug|Any CPU
		{30B8DCA8-5679-4AAB-9D3B-F41D3194809B}.Debug|Any CPU.Build.0 = Debug|Any CPU
		{30B8DCA8-5679-4AAB-9D3B-F41D3194809B}.Release|Any CPU.ActiveCfg = Release|Any CPU
		{30B8DCA8-5679-4AAB-9D3B-F41D3194809B}.Release|Any CPU.Build.0 = Release|Any CPU
		{1D49189F-E1BD-448F-B98B-FE23463B6A7D}.Debug|Any CPU.ActiveCfg = Debug|Any CPU
		{1D49189F-E1BD-448F-B98B-FE23463B6A7D}.Debug|Any CPU.Build.0 = Debug|Any CPU
		{1D49189F-E1BD-448F-B98B-FE23463B6A7D}.Release|Any CPU.ActiveCfg = Release|Any CPU
		{1D49189F-E1BD-448F-B98B-FE23463B6A7D}.Release|Any CPU.Build.0 = Release|Any CPU
	EndGlobalSection
	GlobalSection(SolutionProperties) = preSolution
		HideSolutionNode = FALSE
	EndGlobalSection
	GlobalSection(ExtensibilityGlobals) = postSolution
		SolutionGuid = {61CEDB8E-1376-406E-8754-771B71AB5775}
	EndGlobalSection
EndGlobal
